PODS:
  - CYCache (0.0.1):
    - FMDB (~> 2.7)
  - FMDB (2.7.5):
    - FMDB/standard (= 2.7.5)
  - FMDB/standard (2.7.5)

DEPENDENCIES:
  - CYCache (from `../`)
  - FMDB (~> 2.7)

SPEC REPOS:
  https://github.com/cocoapods/specs.git:
    - FMDB

EXTERNAL SOURCES:
  CYCache:
    :path: "../"

SPEC CHECKSUMS:
  CYCache: 2789d74a0f107916bffd1608118daf8d59825a8e
  FMDB: 2ce00b547f966261cd18927a3ddb07cb6f3db82a

PODFILE CHECKSUM: dbe132914e534d5e7564d14339fcd1ca90954f57

COCOAPODS: 1.6.1
